{
  "name": "nexus-backend",
  "version": "1.0.0",
  "lockfileVersion": 3,
  "requires": true,
  "packages": {
    "": {
      "name": "nexus-backend",
      "version": "1.0.0",
      "dependencies": {
        "@huggingface/hub": "^0.21.0"
      }
    },
    "node_modules/@huggingface/hub": {
      "version": "0.21.0",
      "resolved": "https://registry.npmjs.org/@huggingface/hub/-/hub-0.21.0.tgz",
      "integrity": "sha512-DpitNhqobMJLTv8dUq/EMtrz1dpfs3UrSVCxe1aKpjLAdOs6Gm6rqrinUFNvC9G88RIRzIYzojUtYUqlkKwKnA==",
      "license": "MIT",
      "dependencies": {
        "@huggingface/tasks": "^0.13.3"
      },
      "engines": {
        "node": ">=18"
      }
    },
    "node_modules/@huggingface/tasks": {
      "version": "0.13.17",
      "resolved": "https://registry.npmjs.org/@huggingface/tasks/-/tasks-0.13.17.tgz",
      "integrity": "sha512-nytJPvVMlMpaeDOhjp0vJJKSWyHEKziPEQ5WbzeU2Av0W1y/xkvIE9XHdWcOXXOSOFieoJmSCUf2HI23umlzZw==",
      "license": "MIT"
    }
  }
}
